
Microsoft Visual Studio Solution File, Format Version 12.00
# Visual Studio Version 16
VisualStudioVersion = 16.0.30225.117
MinimumVisualStudioVersion = 10.0.40219.1
Project("{FAE04EC0-301F-11D3-BF4B-00C04F79EFBC}") = "mobileshopping", "mobileshopping\mobileshopping.csproj", "{D331DBE3-1B8D-478B-8D0F-C3777ED8D010}"
EndProject
Global
	GlobalSection(SolutionConfigurationPlatforms) = preSolution
		Debug|Any CPU = Debug|Any CPU
		Release|Any CPU = Release|Any CPU
	EndGlobalSection
	GlobalSection(ProjectConfigurationPlatforms) = postSolution
		{D331DBE3-1B8D-478B-8D0F-C3777ED8D010}.Debug|Any CPU.ActiveCfg = Debug|Any CPU
		{D331DBE3-1B8D-478B-8D0F-C3777ED8D010}.Debug|Any CPU.Build.0 = Debug|Any CPU
		{D331DBE3-1B8D-478B-8D0F-C3777ED8D010}.Release|Any CPU.ActiveCfg = Release|Any CPU
		{D331DBE3-1B8D-478B-8D0F-C3777ED8D010}.Release|Any CPU.Build.0 = Release|Any CPU
	EndGlobalSection
	GlobalSection(SolutionProperties) = preSolution
		HideSolutionNode = FALSE
	EndGlobalSection
	GlobalSection(ExtensibilityGlobals) = postSolution
		SolutionGuid = {1432D4A0-AEC7-4324-9AAC-E9BA8A17393D}
	EndGlobalSection
EndGlobal
